{
  "name": "chaintrap-malicious-dep-test",
  "version": "1.0.0",
  "lockfileVersion": 3,
  "requires": true,
  "packages": {
    "": {
      "name": "chaintrap-malicious-dep-test",
      "version": "1.0.0",
      "dependencies": {
        "ts-logger-pack": "1.1.3"
      }
    },
    "node_modules/ts-logger-pack": {
      "version": "1.1.3",
      "resolved": "https://registry.npmjs.org/ts-logger-pack/-/ts-logger-pack-1.1.3.tgz"
    }
  }
}
